// !$*UTF8*$!
{
	archiveVersion = 1;
	classes = {
	};
	objectVersion = 50;
	objects = {

/* Begin PBXBuildFile section */
		56FCC742250D4CB500FD197E /* AppDelegate.swift in Sources */ = {isa = PBXBuildFile; fileRef = 56FCC741250D4CB500FD197E /* AppDelegate.swift */; };
		56FCC744250D4CB500FD197E /* SceneDelegate.swift in Sources */ = {isa = PBXBuildFile; fileRef = 56FCC743250D4CB500FD197E /* SceneDelegate.swift */; };
		56FCC746250D4CB500FD197E /* ViewController.swift in Sources */ = {isa = PBXBuildFile; fileRef = 56FCC745250D4CB500FD197E /* ViewController.swift */; };
		56FCC749250D4CB500FD197E /* Main.storyboard in Resources */ = {isa = PBXBuildFile; fileRef = 56FCC747250D4CB500FD197E /* Main.storyboard */; };
		56FCC74B250D4CB600FD197E /* Assets.xcassets in Resources */ = {isa = PBXBuildFile; fileRef = 56FCC74A250D4CB600FD197E /* Assets.xcassets */; };
		56FCC74E250D4CB600FD197E /* LaunchScreen.storyboard in Resources */ = {isa = PBXBuildFile; fileRef = 56FCC74C250D4CB600FD197E /* LaunchScreen.storyboard */; };
/* End PBXBuildFile section */

/* Begin PBXFileReference section */
		56FCC73E250D4CB500FD197E /* CarPickerJohnG.app */ = {isa = PBXFileReference; explicitFileType = wrapper.application; includeInIndex = 0; path = CarPickerJohnG.app; sourceTree = BUILT_PRODUCTS_DIR; };
		56FCC741250D4CB500FD197E /* AppDelegate.swift */ = {isa = PBXFileReference; lastKnownFileType = sourcecode.swift; path = AppDelegate.swift; sourceTree = "<group>"; };
		56FCC743250D4CB500FD197E /* SceneDelegate.swift */ = {isa = PBXFileReference; lastKnownFileType = sourcecode.swift; path = SceneDelegate.swift; sourceTree = "<group>"; };
		56FCC745250D4CB500FD197E /* ViewController.swift */ = {isa = PBXFileReference; lastKnownFileType = sourcecode.swift; path = ViewController.swift; sourceTree = "<group>"; };
		56FCC748250D4CB500FD197E /* Base */ = {isa = PBXFileReference; lastKnownFileType = file.storyboard; name = Base; path = Base.lproj/Main.storyboard; sourceTree = "<group>"; };
		56FCC74A250D4CB600FD197E /* Assets.xcassets */ = {isa = PBXFileReference; lastKnownFileType = folder.assetcatalog; path = Assets.xcassets; sourceTree = "<group>"; };
		56FCC74D250D4CB600FD197E /* Base */ = {isa = PBXFileReference; lastKnownFileType = file.storyboard; name = Base; path = Base.lproj/LaunchScreen.storyboard; sourceTree = "<group>"; };
		56FCC74F250D4CB600FD197E /* Info.plist */ = {isa = PBXFileReference; lastKnownFileType = text.plist.xml; path = Info.plist; sourceTree = "<group>"; };
/* End PBXFileReference section */

/* Begin PBXFrameworksBuildPhase section */
		56FCC73B250D4CB500FD197E /* Frameworks */ = {
			isa = PBXFrameworksBuildPhase;
			buildActionMask = 2147483647;
			files = (
			);
			runOnlyForDeploymentPostprocessing = 0;
		};
/* End PBXFrameworksBuildPhase section */

/* Begin PBXGroup section */
		56FCC735250D4CB500FD197E = {
			isa = PBXGroup;
			children = (
				56FCC740250D4CB500FD197E /* CarPickerJohnG */,
				56FCC73F250D4CB500FD197E /* Products */,
			);
			sourceTree = "<group>";
		};
		56FCC73F250D4CB500FD197E /* Products */ = {
			isa = PBXGroup;
			children = (
				56FCC73E250D4CB500FD197E /* CarPickerJohnG.app */,
			);
			name = Products;
			sourceTree = "<group>";
		};
		56FCC740250D4CB500FD197E /* CarPickerJohnG */ = {
			isa = PBXGroup;
			children = (
				56FCC741250D4CB500FD197E /* AppDelegate.swift */,
				56FCC743250D4CB500FD197E /* SceneDelegate.swift */,
				56FCC745250D4CB500FD197E /* ViewController.swift */,
				56FCC747250D4CB500FD197E /* Main.storyboard */,
				56FCC74A250D4CB600FD197E /* Assets.xcassets */,
				56FCC74C250D4CB600FD197E /* LaunchScreen.storyboard */,
				56FCC74F250D4CB600FD197E /* Info.plist */,
			);
			path = CarPickerJohnG;
			sourceTree = "<group>";
		};
/* End PBXGroup section */

/* Begin PBXNativeTarget section */
		56FCC73D250D4CB500FD197E /* CarPickerJohnG */ = {
			isa = PBXNativeTarget;
			buildConfigurationList = 56FCC752250D4CB600FD197E /* Build configuration list for PBXNativeTarget "CarPickerJohnG" */;
			buildPhases = (
				56FCC73A250D4CB500FD197E /* Sources */,
				56FCC73B250D4CB500FD197E /* Frameworks */,
				56FCC73C250D4CB500FD197E /* Resources */,
			);
			buildRules = (
			);
			dependencies = (
			);
			name = CarPickerJohnG;
			productName = CarPickerJohnG;
			productReference = 56FCC73E250D4CB500FD197E /* CarPickerJohnG.app */;
			productType = "com.apple.product-type.application";
		};
/* End PBXNativeTarget section */

/* Begin PBXProject section */
		56FCC736250D4CB500FD197E /* Project object */ = {
			isa = PBXProject;
			attributes = {
				LastSwiftUpdateCheck = 1170;
				LastUpgradeCheck = 1170;
				ORGANIZATIONNAME = "John Grasser";
				TargetAttributes = {
					56FCC73D250D4CB500FD197E = {
						CreatedOnToolsVersion = 11.7;
					};
				};
			};
			buildConfigurationList = 56FCC739250D4CB500FD197E /* Build configuration list for PBXProject "CarPickerJohnG" */;
			compatibilityVersion = "Xcode 9.3";
			developmentRegion = en;
			hasScannedForEncodings = 0;
			knownRegions = (
				en,
				Base,
			);
			mainGroup = 56FCC735250D4CB500FD197E;
			productRefGroup = 56FCC73F250D4CB500FD197E /* Products */;
			projectDirPath = "";
			projectRoot = "";
			targets = (
				56FCC73D250D4CB500FD197E /* CarPickerJohnG */,
			);
		};
/* End PBXProject section */

/* Begin PBXResourcesBuildPhase section */
		56FCC73C250D4CB500FD197E /* Resources */ = {
			isa = PBXResourcesBuildPhase;
			buildActionMask = 2147483647;
			files = (
				56FCC74E250D4CB600FD197E /* LaunchScreen.storyboard in Resources */,
				56FCC74B250D4CB600FD197E /* Assets.xcassets in Resources */,
				56FCC749250D4CB500FD197E /* Main.storyboard in Resources */,
			);
			runOnlyForDeploymentPostprocessing = 0;
		};
/* End PBXResourcesBuildPhase section */

/* Begin PBXSourcesBuildPhase section */
		56FCC73A250D4CB500FD197E /* Sources */ = {
			isa = PBXSourcesBuildPhase;
			buildActionMask = 2147483647;
			files = (
				56FCC746250D4CB500FD197E /* ViewController.swift in Sources */,
				56FCC742250D4CB500FD197E /* AppDelegate.swift in Sources */,
				56FCC744250D4CB500FD197E /* SceneDelegate.swift in Sources */,
			);
			runOnlyForDeploymentPostprocessing = 0;
		};
/* End PBXSourcesBuildPhase section */

/* Begin PBXVariantGroup section */
		56FCC747250D4CB500FD197E /* Main.storyboard */ = {
			isa = PBXVariantGroup;
			children = (
				56FCC748250D4CB500FD197E /* Base */,
			);
			name = Main.storyboard;
			sourceTree = "<group>";
		};
		56FCC74C250D4CB600FD197E /* LaunchScreen.storyboard */ = {
			isa = PBXVariantGroup;
			children = (
				56FCC74D250D4CB600FD197E /* Base */,
			);
			name = LaunchScreen.storyboard;
			sourceTree = "<group>";
		};
/* End PBXVariantGroup section */

/* Begin XCBuildConfiguration section */
		56FCC750250D4CB600FD197E /* Debug */ = {
			isa = XCBuildConfiguration;
			buildSettings = {
				ALWAYS_SEARCH_USER_PATHS = NO;
				CLANG_ANALYZER_NONNULL = YES;
				CLANG_ANALYZER_NUMBER_OBJECT_CONVERSION = YES_AGGRESSIVE;
				CLANG_CXX_LANGUAGE_STANDARD = "gnu++14";
				CLANG_CXX_LIBRARY = "libc++";
				CLANG_ENABLE_MODULES = YES;
				CLANG_ENABLE_OBJC_ARC = YES;
				CLANG_ENABLE_OBJC_WEAK = YES;
				CLANG_WARN_BLOCK_CAPTURE_AUTORELEASING = YES;
				CLANG_WARN_BOOL_CONVERSION = YES;
				CLANG_WARN_COMMA = YES;
				CLANG_WARN_CONSTANT_CONVERSION = YES;
				CLANG_WARN_DEPRECATED_OBJC_IMPLEMENTATIONS = YES;
				CLANG_WARN_DIRECT_OBJC_ISA_USAGE = YES_ERROR;
				CLANG_WARN_DOCUMENTATION_COMMENTS = YES;
				CLANG_WARN_EMPTY_BODY = YES;
				CLANG_WARN_ENUM_CONVERSION = YES;
				CLANG_WARN_INFINITE_RECURSION = YES;
				CLANG_WARN_INT_CONVERSION = YES;
				CLANG_WARN_NON_LITERAL_NULL_CONVERSION = YES;
				CLANG_WARN_OBJC_IMPLICIT_RETAIN_SELF = YES;
				CLANG_WARN_OBJC_LITERAL_CONVERSION = YES;
				CLANG_WARN_OBJC_ROOT_CLASS = YES_ERROR;
				CLANG_WARN_RANGE_LOOP_ANALYSIS = YES;
				CLANG_WARN_STRICT_PROTOTYPES = YES;
				CLANG_WARN_SUSPICIOUS_MOVE = YES;
				CLANG_WARN_UNGUARDED_AVAILABILITY = YES_AGGRESSIVE;
				CLANG_WARN_UNREACHABLE_CODE = YES;
				CLANG_WARN__DUPLICATE_METHOD_MATCH = YES;
				COPY_PHASE_STRIP = NO;
				DEBUG_INFORMATION_FORMAT = dwarf;
				ENABLE_STRICT_OBJC_MSGSEND = YES;
				ENABLE_TESTABILITY = YES;
				GCC_C_LANGUAGE_STANDARD = gnu11;
				GCC_DYNAMIC_NO_PIC = NO;
				GCC_NO_COMMON_BLOCKS = YES;
				GCC_OPTIMIZATION_LEVEL = 0;
				GCC_PREPROCESSOR_DEFINITIONS = (
					"DEBUG=1",
					"$(inherited)",
				);
				GCC_WARN_64_TO_32_BIT_CONVERSION = YES;
				GCC_WARN_ABOUT_RETURN_TYPE = YES_ERROR;
				GCC_WARN_UNDECLARED_SELECTOR = YES;
				GCC_WARN_UNINITIALIZED_AUTOS = YES_AGGRESSIVE;
				GCC_WARN_UNUSED_FUNCTION = YES;
				GCC_WARN_UNUSED_VARIABLE = YES;
				IPHONEOS_DEPLOYMENT_TARGET = 13.7;
				MTL_ENABLE_DEBUG_INFO = INCLUDE_SOURCE;
				MTL_FAST_MATH = YES;
				ONLY_ACTIVE_ARCH = YES;
				SDKROOT = iphoneos;
				SWIFT_ACTIVE_COMPILATION_CONDITIONS = DEBUG;
				SWIFT_OPTIMIZATION_LEVEL = "-Onone";
			};
			name = Debug;
		};
		56FCC751250D4CB600FD197E /* Release */ = {
			isa = XCBuildConfiguration;
			buildSettings = {
				ALWAYS_SEARCH_USER_PATHS = NO;
				CLANG_ANALYZER_NONNULL = YES;
				CLANG_ANALYZER_NUMBER_OBJECT_CONVERSION = YES_AGGRESSIVE;
				CLANG_CXX_LANGUAGE_STANDARD = "gnu++14";
				CLANG_CXX_LIBRARY = "libc++";
				CLANG_ENABLE_MODULES = YES;
				CLANG_ENABLE_OBJC_ARC = YES;
				CLANG_ENABLE_OBJC_WEAK = YES;
				CLANG_WARN_BLOCK_CAPTURE_AUTORELEASING = YES;
				CLANG_WARN_BOOL_CONVERSION = YES;
				CLANG_WARN_COMMA = YES;
				CLANG_WARN_CONSTANT_CONVERSION = YES;
				CLANG_WARN_DEPRECATED_OBJC_IMPLEMENTATIONS = YES;
				CLANG_WARN_DIRECT_OBJC_ISA_USAGE = YES_ERROR;
				CLANG_WARN_DOCUMENTATION_COMMENTS = YES;
				CLANG_WARN_EMPTY_BODY = YES;
				CLANG_WARN_ENUM_CONVERSION = YES;
				CLANG_WARN_INFINITE_RECURSION = YES;
				CLANG_WARN_INT_CONVERSION = YES;
				CLANG_WARN_NON_LITERAL_NULL_CONVERSION = YES;
				CLANG_WARN_OBJC_IMPLICIT_RETAIN_SELF = YES;
				CLANG_WARN_OBJC_LITERAL_CONVERSION = YES;
				CLANG_WARN_OBJC_ROOT_CLASS = YES_ERROR;
				CLANG_WARN_RANGE_LOOP_ANALYSIS = YES;
				CLANG_WARN_STRICT_PROTOTYPES = YES;
				CLANG_WARN_SUSPICIOUS_MOVE = YES;
				CLANG_WARN_UNGUARDED_AVAILABILITY = YES_AGGRESSIVE;
				CLANG_WARN_UNREACHABLE_CODE = YES;
				CLANG_WARN__DUPLICATE_METHOD_MATCH = YES;
				COPY_PHASE_STRIP = NO;
				DEBUG_INFORMATION_FORMAT = "dwarf-with-dsym";
				ENABLE_NS_ASSERTIONS = NO;
				ENABLE_STRICT_OBJC_MSGSEND = YES;
				GCC_C_LANGUAGE_STANDARD = gnu11;
				GCC_NO_COMMON_BLOCKS = YES;
				GCC_WARN_64_TO_32_BIT_CONVERSION = YES;
				GCC_WARN_ABOUT_RETURN_TYPE = YES_ERROR;
				GCC_WARN_UNDECLARED_SELECTOR = YES;
				GCC_WARN_UNINITIALIZED_AUTOS = YES_AGGRESSIVE;
				GCC_WARN_UNUSED_FUNCTION = YES;
				GCC_WARN_UNUSED_VARIABLE = YES;
				IPHONEOS_DEPLOYMENT_TARGET = 13.7;
				MTL_ENABLE_DEBUG_INFO = NO;
				MTL_FAST_MATH = YES;
				SDKROOT = iphoneos;
				SWIFT_COMPILATION_MODE = wholemodule;
				SWIFT_OPTIMIZATION_LEVEL = "-O";
				VALIDATE_PRODUCT = YES;
			};
			name = Release;
		};
		56FCC753250D4CB600FD197E /* Debug */ = {
			isa = XCBuildConfiguration;
			buildSettings = {
				ASSETCATALOG_COMPILER_APPICON_NAME = AppIcon;
				CODE_SIGN_STYLE = Automatic;
				INFOPLIST_FILE = CarPickerJohnG/Info.plist;
				LD_RUNPATH_SEARCH_PATHS = (
					"$(inherited)",
					"@executable_path/Frameworks",
				);
				PRODUCT_BUNDLE_IDENTIFIER = com.HelloWorld.CarPickerJohnG;
				PRODUCT_NAME = "$(TARGET_NAME)";
				SWIFT_VERSION = 5.0;
				TARGETED_DEVICE_FAMILY = "1,2";
			};
			name = Debug;
		};
		56FCC754250D4CB600FD197E /* Release */ = {
			isa = XCBuildConfiguration;
			buildSettings = {
				ASSETCATALOG_COMPILER_APPICON_NAME = AppIcon;
				CODE_SIGN_STYLE = Automatic;
				INFOPLIST_FILE = CarPickerJohnG/Info.plist;
				LD_RUNPATH_SEARCH_PATHS = (
					"$(inherited)",
					"@executable_path/Frameworks",
				);
				PRODUCT_BUNDLE_IDENTIFIER = com.HelloWorld.CarPickerJohnG;
				PRODUCT_NAME = "$(TARGET_NAME)";
				SWIFT_VERSION = 5.0;
				TARGETED_DEVICE_FAMILY = "1,2";
			};
			name = Release;
		};
/* End XCBuildConfiguration section */

/* Begin XCConfigurationList section */
		56FCC739250D4CB500FD197E /* Build configuration list for PBXProject "CarPickerJohnG" */ = {
			isa = XCConfigurationList;
			buildConfigurations = (
				56FCC750250D4CB600FD197E /* Debug */,
				56FCC751250D4CB600FD197E /* Release */,
			);
			defaultConfigurationIsVisible = 0;
			defaultConfigurationName = Release;
		};
		56FCC752250D4CB600FD197E /* Build configuration list for PBXNativeTarget "CarPickerJohnG" */ = {
			isa = XCConfigurationList;
			buildConfigurations = (
				56FCC753250D4CB600FD197E /* Debug */,
				56FCC754250D4CB600FD197E /* Release */,
			);
			defaultConfigurationIsVisible = 0;
			defaultConfigurationName = Release;
		};
/* End XCConfigurationList section */
	};
	rootObject = 56FCC736250D4CB500FD197E /* Project object */;
}
